
Microsoft Visual Studio Solution File, Format Version 12.00
# Visual Studio Version 16
VisualStudioVersion = 16.0.29613.14
MinimumVisualStudioVersion = 10.0.40219.1
Project("{9A19103F-16F7-4668-BE54-9A1E7A4F7556}") = "AverageTextures", "src\AverageTextures.csproj", "{45475C6F-F24C-43E1-BFF9-06366D4D4950}"
EndProject
Project("{9A19103F-16F7-4668-BE54-9A1E7A4F7556}") = "AverageTexturesTests", "tests\AverageTexturesTests.csproj", "{A244C19D-ED57-4F48-84AE-2B1405DFC5A7}"
EndProject
Global
	GlobalSection(SolutionConfigurationPlatforms) = preSolution
		Debug|Any CPU = Debug|Any CPU
		Release|Any CPU = Release|Any CPU
	EndGlobalSection
	GlobalSection(ProjectConfigurationPlatforms) = postSolution
		{45475C6F-F24C-43E1-BFF9-06366D4D4950}.Debug|Any CPU.ActiveCfg = Debug|Any CPU
		{45475C6F-F24C-43E1-BFF9-06366D4D4950}.Debug|Any CPU.Build.0 = Debug|Any CPU
		{45475C6F-F24C-43E1-BFF9-06366D4D4950}.Release|Any CPU.ActiveCfg = Release|Any CPU
		{45475C6F-F24C-43E1-BFF9-06366D4D4950}.Release|Any CPU.Build.0 = Release|Any CPU
		{A244C19D-ED57-4F48-84AE-2B1405DFC5A7}.Debug|Any CPU.ActiveCfg = Debug|Any CPU
		{A244C19D-ED57-4F48-84AE-2B1405DFC5A7}.Debug|Any CPU.Build.0 = Debug|Any CPU
		{A244C19D-ED57-4F48-84AE-2B1405DFC5A7}.Release|Any CPU.ActiveCfg = Release|Any CPU
		{A244C19D-ED57-4F48-84AE-2B1405DFC5A7}.Release|Any CPU.Build.0 = Release|Any CPU
	EndGlobalSection
	GlobalSection(SolutionProperties) = preSolution
		HideSolutionNode = FALSE
	EndGlobalSection
	GlobalSection(ExtensibilityGlobals) = postSolution
		SolutionGuid = {6885662C-8908-4703-9B45-64D8A42BA2FF}
	EndGlobalSection
EndGlobal
